
Microsoft Visual Studio Solution File, Format Version 12.00
Project("{2150E333-8FDC-42A3-9474-1A3956D46DE8}") = "00-core", "00-core", "{CBCA5A75-4765-47C1-AEC6-31F0AFD6DF32}"
EndProject
Project("{2150E333-8FDC-42A3-9474-1A3956D46DE8}") = "01-domain", "01-domain", "{9C20DD17-CA19-4573-AB2F-E4E297264FD3}"
EndProject
Project("{2150E333-8FDC-42A3-9474-1A3956D46DE8}") = "02-application", "02-application", "{F2EBC594-A6CB-4BDE-9609-6803C64F598E}"
EndProject
Project("{FAE04EC0-301F-11D3-BF4B-00C04F79EFBC}") = "FitApp.Core", "FitApp.Core\FitApp.Core.csproj", "{4D498F60-DB7E-4A40-AC68-A26FC422B47C}"
EndProject
Project("{FAE04EC0-301F-11D3-BF4B-00C04F79EFBC}") = "FitApp.Core.Elasticsearch", "FitApp.Core.Elasticsearch\FitApp.Core.Elasticsearch.csproj", "{A402E82A-F8E6-4252-B931-BC3802CB91A4}"
EndProject
Project("{FAE04EC0-301F-11D3-BF4B-00C04F79EFBC}") = "FitApp.UserRepository", "FitApp.UserRepository\FitApp.UserRepository.csproj", "{AE75DD78-08FB-4842-AC8E-06CDA82A1DDD}"
EndProject
Project("{FAE04EC0-301F-11D3-BF4B-00C04F79EFBC}") = "FitApp.TrainingRepository", "FitApp.TrainingRepository\FitApp.TrainingRepository.csproj", "{7AFC1FEE-1D69-4615-A6A7-4F64923F2CF1}"
EndProject
Project("{FAE04EC0-301F-11D3-BF4B-00C04F79EFBC}") = "FitApp.ActivityRepository", "FitApp.ActivityRepository\FitApp.ActivityRepository.csproj", "{5EFE030A-DEE7-4637-AE2C-D8B0F8253AF5}"
EndProject
Project("{FAE04EC0-301F-11D3-BF4B-00C04F79EFBC}") = "FitApp.SetRepository", "FitApp.SetRepository\FitApp.SetRepository.csproj", "{6203BB67-9D4D-4F4B-A777-80287256FA45}"
EndProject
Project("{FAE04EC0-301F-11D3-BF4B-00C04F79EFBC}") = "FitApp.NutritionRepository", "FitApp.NutritionRepository\FitApp.NutritionRepository.csproj", "{6998701B-7555-4716-96D9-1C9E36A8FDAB}"
EndProject
Project("{FAE04EC0-301F-11D3-BF4B-00C04F79EFBC}") = "FitApp.MealNutritionRepository", "FitApp.MealNutritionRepository\FitApp.MealNutritionRepository.csproj", "{BD38E085-0CD8-49A0-843D-FF6910251E6F}"
EndProject
Project("{FAE04EC0-301F-11D3-BF4B-00C04F79EFBC}") = "FitApp.MealRepository", "FitApp.MealRepository\FitApp.MealRepository.csproj", "{355D6BDB-F54E-4C79-B021-A6ED9538549E}"
EndProject
Project("{FAE04EC0-301F-11D3-BF4B-00C04F79EFBC}") = "FitApp.MenuRepository", "FitApp.MenuRepository\FitApp.MenuRepository.csproj", "{4DA1E854-C5A8-4962-AC5F-2E5906C340B7}"
EndProject
Project("{FAE04EC0-301F-11D3-BF4B-00C04F79EFBC}") = "FitApp.UserPrivateTrainingRepository", "FitApp.UserPrivateTrainingRepository\FitApp.UserPrivateTrainingRepository.csproj", "{2D9819E8-69CD-4E8D-BDB0-FAF5396D3225}"
EndProject
Project("{FAE04EC0-301F-11D3-BF4B-00C04F79EFBC}") = "FitApp.UserPrivateDietDetailRepository", "FitApp.UserPrivateDietDetailRepository\FitApp.UserPrivateDietDetailRepository.csproj", "{D159B9D8-4259-4189-926E-8D0E78425726}"
EndProject
Project("{FAE04EC0-301F-11D3-BF4B-00C04F79EFBC}") = "FitApp.UserPrivateDietRepository", "FitApp.UserPrivateDietRepository\FitApp.UserPrivateDietRepository.csproj", "{0ADE8942-AD61-4113-94D8-644B72673222}"
EndProject
Project("{FAE04EC0-301F-11D3-BF4B-00C04F79EFBC}") = "FitApp.UserPrivateTrainingDetailRepository", "FitApp.UserPrivateTrainingDetailRepository\FitApp.UserPrivateTrainingDetailRepository.csproj", "{088707F8-2659-4D48-9BDF-59A6CABCCA06}"
EndProject
Project("{FAE04EC0-301F-11D3-BF4B-00C04F79EFBC}") = "FitApp.Api", "FitApp.Api\FitApp.Api.csproj", "{E98F68E0-34DE-4823-A783-F0FA6AABC131}"
EndProject
Global
	GlobalSection(SolutionConfigurationPlatforms) = preSolution
		Debug|Any CPU = Debug|Any CPU
		Release|Any CPU = Release|Any CPU
	EndGlobalSection
	GlobalSection(ProjectConfigurationPlatforms) = postSolution
		{4D498F60-DB7E-4A40-AC68-A26FC422B47C}.Debug|Any CPU.ActiveCfg = Debug|Any CPU
		{4D498F60-DB7E-4A40-AC68-A26FC422B47C}.Debug|Any CPU.Build.0 = Debug|Any CPU
		{4D498F60-DB7E-4A40-AC68-A26FC422B47C}.Release|Any CPU.ActiveCfg = Release|Any CPU
		{4D498F60-DB7E-4A40-AC68-A26FC422B47C}.Release|Any CPU.Build.0 = Release|Any CPU
		{A402E82A-F8E6-4252-B931-BC3802CB91A4}.Debug|Any CPU.ActiveCfg = Debug|Any CPU
		{A402E82A-F8E6-4252-B931-BC3802CB91A4}.Debug|Any CPU.Build.0 = Debug|Any CPU
		{A402E82A-F8E6-4252-B931-BC3802CB91A4}.Release|Any CPU.ActiveCfg = Release|Any CPU
		{A402E82A-F8E6-4252-B931-BC3802CB91A4}.Release|Any CPU.Build.0 = Release|Any CPU
		{AE75DD78-08FB-4842-AC8E-06CDA82A1DDD}.Debug|Any CPU.ActiveCfg = Debug|Any CPU
		{AE75DD78-08FB-4842-AC8E-06CDA82A1DDD}.Debug|Any CPU.Build.0 = Debug|Any CPU
		{AE75DD78-08FB-4842-AC8E-06CDA82A1DDD}.Release|Any CPU.ActiveCfg = Release|Any CPU
		{AE75DD78-08FB-4842-AC8E-06CDA82A1DDD}.Release|Any CPU.Build.0 = Release|Any CPU
		{7AFC1FEE-1D69-4615-A6A7-4F64923F2CF1}.Debug|Any CPU.ActiveCfg = Debug|Any CPU
		{7AFC1FEE-1D69-4615-A6A7-4F64923F2CF1}.Debug|Any CPU.Build.0 = Debug|Any CPU
		{7AFC1FEE-1D69-4615-A6A7-4F64923F2CF1}.Release|Any CPU.ActiveCfg = Release|Any CPU
		{7AFC1FEE-1D69-4615-A6A7-4F64923F2CF1}.Release|Any CPU.Build.0 = Release|Any CPU
		{5EFE030A-DEE7-4637-AE2C-D8B0F8253AF5}.Debug|Any CPU.ActiveCfg = Debug|Any CPU
		{5EFE030A-DEE7-4637-AE2C-D8B0F8253AF5}.Debug|Any CPU.Build.0 = Debug|Any CPU
		{5EFE030A-DEE7-4637-AE2C-D8B0F8253AF5}.Release|Any CPU.ActiveCfg = Release|Any CPU
		{5EFE030A-DEE7-4637-AE2C-D8B0F8253AF5}.Release|Any CPU.Build.0 = Release|Any CPU
		{6203BB67-9D4D-4F4B-A777-80287256FA45}.Debug|Any CPU.ActiveCfg = Debug|Any CPU
		{6203BB67-9D4D-4F4B-A777-80287256FA45}.Debug|Any CPU.Build.0 = Debug|Any CPU
		{6203BB67-9D4D-4F4B-A777-80287256FA45}.Release|Any CPU.ActiveCfg = Release|Any CPU
		{6203BB67-9D4D-4F4B-A777-80287256FA45}.Release|Any CPU.Build.0 = Release|Any CPU
		{6998701B-7555-4716-96D9-1C9E36A8FDAB}.Debug|Any CPU.ActiveCfg = Debug|Any CPU
		{6998701B-7555-4716-96D9-1C9E36A8FDAB}.Debug|Any CPU.Build.0 = Debug|Any CPU
		{6998701B-7555-4716-96D9-1C9E36A8FDAB}.Release|Any CPU.ActiveCfg = Release|Any CPU
		{6998701B-7555-4716-96D9-1C9E36A8FDAB}.Release|Any CPU.Build.0 = Release|Any CPU
		{BD38E085-0CD8-49A0-843D-FF6910251E6F}.Debug|Any CPU.ActiveCfg = Debug|Any CPU
		{BD38E085-0CD8-49A0-843D-FF6910251E6F}.Debug|Any CPU.Build.0 = Debug|Any CPU
		{BD38E085-0CD8-49A0-843D-FF6910251E6F}.Release|Any CPU.ActiveCfg = Release|Any CPU
		{BD38E085-0CD8-49A0-843D-FF6910251E6F}.Release|Any CPU.Build.0 = Release|Any CPU
		{355D6BDB-F54E-4C79-B021-A6ED9538549E}.Debug|Any CPU.ActiveCfg = Debug|Any CPU
		{355D6BDB-F54E-4C79-B021-A6ED9538549E}.Debug|Any CPU.Build.0 = Debug|Any CPU
		{355D6BDB-F54E-4C79-B021-A6ED9538549E}.Release|Any CPU.ActiveCfg = Release|Any CPU
		{355D6BDB-F54E-4C79-B021-A6ED9538549E}.Release|Any CPU.Build.0 = Release|Any CPU
		{4DA1E854-C5A8-4962-AC5F-2E5906C340B7}.Debug|Any CPU.ActiveCfg = Debug|Any CPU
		{4DA1E854-C5A8-4962-AC5F-2E5906C340B7}.Debug|Any CPU.Build.0 = Debug|Any CPU
		{4DA1E854-C5A8-4962-AC5F-2E5906C340B7}.Release|Any CPU.ActiveCfg = Release|Any CPU
		{4DA1E854-C5A8-4962-AC5F-2E5906C340B7}.Release|Any CPU.Build.0 = Release|Any CPU
		{2D9819E8-69CD-4E8D-BDB0-FAF5396D3225}.Debug|Any CPU.ActiveCfg = Debug|Any CPU
		{2D9819E8-69CD-4E8D-BDB0-FAF5396D3225}.Debug|Any CPU.Build.0 = Debug|Any CPU
		{2D9819E8-69CD-4E8D-BDB0-FAF5396D3225}.Release|Any CPU.ActiveCfg = Release|Any CPU
		{2D9819E8-69CD-4E8D-BDB0-FAF5396D3225}.Release|Any CPU.Build.0 = Release|Any CPU
		{D159B9D8-4259-4189-926E-8D0E78425726}.Debug|Any CPU.ActiveCfg = Debug|Any CPU
		{D159B9D8-4259-4189-926E-8D0E78425726}.Debug|Any CPU.Build.0 = Debug|Any CPU
		{D159B9D8-4259-4189-926E-8D0E78425726}.Release|Any CPU.ActiveCfg = Release|Any CPU
		{D159B9D8-4259-4189-926E-8D0E78425726}.Release|Any CPU.Build.0 = Release|Any CPU
		{0ADE8942-AD61-4113-94D8-644B72673222}.Debug|Any CPU.ActiveCfg = Debug|Any CPU
		{0ADE8942-AD61-4113-94D8-644B72673222}.Debug|Any CPU.Build.0 = Debug|Any CPU
		{0ADE8942-AD61-4113-94D8-644B72673222}.Release|Any CPU.ActiveCfg = Release|Any CPU
		{0ADE8942-AD61-4113-94D8-644B72673222}.Release|Any CPU.Build.0 = Release|Any CPU
		{088707F8-2659-4D48-9BDF-59A6CABCCA06}.Debug|Any CPU.ActiveCfg = Debug|Any CPU
		{088707F8-2659-4D48-9BDF-59A6CABCCA06}.Debug|Any CPU.Build.0 = Debug|Any CPU
		{088707F8-2659-4D48-9BDF-59A6CABCCA06}.Release|Any CPU.ActiveCfg = Release|Any CPU
		{088707F8-2659-4D48-9BDF-59A6CABCCA06}.Release|Any CPU.Build.0 = Release|Any CPU
		{E98F68E0-34DE-4823-A783-F0FA6AABC131}.Debug|Any CPU.ActiveCfg = Debug|Any CPU
		{E98F68E0-34DE-4823-A783-F0FA6AABC131}.Debug|Any CPU.Build.0 = Debug|Any CPU
		{E98F68E0-34DE-4823-A783-F0FA6AABC131}.Release|Any CPU.ActiveCfg = Release|Any CPU
		{E98F68E0-34DE-4823-A783-F0FA6AABC131}.Release|Any CPU.Build.0 = Release|Any CPU
	EndGlobalSection
	GlobalSection(NestedProjects) = preSolution
		{4D498F60-DB7E-4A40-AC68-A26FC422B47C} = {CBCA5A75-4765-47C1-AEC6-31F0AFD6DF32}
		{A402E82A-F8E6-4252-B931-BC3802CB91A4} = {CBCA5A75-4765-47C1-AEC6-31F0AFD6DF32}
		{AE75DD78-08FB-4842-AC8E-06CDA82A1DDD} = {9C20DD17-CA19-4573-AB2F-E4E297264FD3}
		{7AFC1FEE-1D69-4615-A6A7-4F64923F2CF1} = {9C20DD17-CA19-4573-AB2F-E4E297264FD3}
		{5EFE030A-DEE7-4637-AE2C-D8B0F8253AF5} = {9C20DD17-CA19-4573-AB2F-E4E297264FD3}
		{6203BB67-9D4D-4F4B-A777-80287256FA45} = {9C20DD17-CA19-4573-AB2F-E4E297264FD3}
		{6998701B-7555-4716-96D9-1C9E36A8FDAB} = {9C20DD17-CA19-4573-AB2F-E4E297264FD3}
		{BD38E085-0CD8-49A0-843D-FF6910251E6F} = {9C20DD17-CA19-4573-AB2F-E4E297264FD3}
		{355D6BDB-F54E-4C79-B021-A6ED9538549E} = {9C20DD17-CA19-4573-AB2F-E4E297264FD3}
		{4DA1E854-C5A8-4962-AC5F-2E5906C340B7} = {9C20DD17-CA19-4573-AB2F-E4E297264FD3}
		{2D9819E8-69CD-4E8D-BDB0-FAF5396D3225} = {9C20DD17-CA19-4573-AB2F-E4E297264FD3}
		{D159B9D8-4259-4189-926E-8D0E78425726} = {9C20DD17-CA19-4573-AB2F-E4E297264FD3}
		{0ADE8942-AD61-4113-94D8-644B72673222} = {9C20DD17-CA19-4573-AB2F-E4E297264FD3}
		{088707F8-2659-4D48-9BDF-59A6CABCCA06} = {9C20DD17-CA19-4573-AB2F-E4E297264FD3}
		{E98F68E0-34DE-4823-A783-F0FA6AABC131} = {F2EBC594-A6CB-4BDE-9609-6803C64F598E}
	EndGlobalSection
EndGlobal
